
Microsoft Visual Studio Solution File, Format Version 12.00
# Visual Studio 15
VisualStudioVersion = 15.0.28010.2048
MinimumVisualStudioVersion = 10.0.40219.1
Project("{9A19103F-16F7-4668-BE54-9A1E7A4F7556}") = "ParcelDelivery", "ParcelDelivery\ParcelDelivery.csproj", "{C44C75B8-49D2-40A7-8533-7E84000C538C}"
EndProject
Project("{9A19103F-16F7-4668-BE54-9A1E7A4F7556}") = "ParcelDelivery.DAL", "ParcelDelivery.DAL\ParcelDelivery.DAL.csproj", "{5BE2F6A0-FA54-4CCC-BFC6-2B052485C972}"
EndProject
Project("{FAE04EC0-301F-11D3-BF4B-00C04F79EFBC}") = "ParcelDelivery.BLL", "ParcelDelivery.BLL\ParcelDelivery.BLL.csproj", "{2114F0EB-81CC-417A-BA9D-BD014B5D24A1}"
EndProject
Global
	GlobalSection(SolutionConfigurationPlatforms) = preSolution
		Debug|Any CPU = Debug|Any CPU
		Release|Any CPU = Release|Any CPU
	EndGlobalSection
	GlobalSection(ProjectConfigurationPlatforms) = postSolution
		{C44C75B8-49D2-40A7-8533-7E84000C538C}.Debug|Any CPU.ActiveCfg = Debug|Any CPU
		{C44C75B8-49D2-40A7-8533-7E84000C538C}.Debug|Any CPU.Build.0 = Debug|Any CPU
		{C44C75B8-49D2-40A7-8533-7E84000C538C}.Release|Any CPU.ActiveCfg = Release|Any CPU
		{C44C75B8-49D2-40A7-8533-7E84000C538C}.Release|Any CPU.Build.0 = Release|Any CPU
		{5BE2F6A0-FA54-4CCC-BFC6-2B052485C972}.Debug|Any CPU.ActiveCfg = Debug|Any CPU
		{5BE2F6A0-FA54-4CCC-BFC6-2B052485C972}.Debug|Any CPU.Build.0 = Debug|Any CPU
		{5BE2F6A0-FA54-4CCC-BFC6-2B052485C972}.Release|Any CPU.ActiveCfg = Release|Any CPU
		{5BE2F6A0-FA54-4CCC-BFC6-2B052485C972}.Release|Any CPU.Build.0 = Release|Any CPU
		{2114F0EB-81CC-417A-BA9D-BD014B5D24A1}.Debug|Any CPU.ActiveCfg = Debug|Any CPU
		{2114F0EB-81CC-417A-BA9D-BD014B5D24A1}.Debug|Any CPU.Build.0 = Debug|Any CPU
		{2114F0EB-81CC-417A-BA9D-BD014B5D24A1}.Release|Any CPU.ActiveCfg = Release|Any CPU
		{2114F0EB-81CC-417A-BA9D-BD014B5D24A1}.Release|Any CPU.Build.0 = Release|Any CPU
	EndGlobalSection
	GlobalSection(SolutionProperties) = preSolution
		HideSolutionNode = FALSE
	EndGlobalSection
	GlobalSection(ExtensibilityGlobals) = postSolution
		SolutionGuid = {60CBDCC4-E8E4-4B7C-B1F4-21995B197ECE}
	EndGlobalSection
EndGlobal
